
Microsoft Visual Studio Solution File, Format Version 12.00
# Visual Studio 14
VisualStudioVersion = 14.0.25420.1
MinimumVisualStudioVersion = 10.0.40219.1
Project("{FAE04EC0-301F-11D3-BF4B-00C04F79EFBC}") = "MvvmTemplate.Common", "MvvmTemplate\MvvmTemplate\MvvmTemplate.Common.csproj", "{15BA7DA7-F235-4A81-A411-AC66A2512540}"
EndProject
Project("{FAE04EC0-301F-11D3-BF4B-00C04F79EFBC}") = "MvvmTemplate.Platform", "MvvmTemplate\MvvmTemplate.Platform\MvvmTemplate.Platform.csproj", "{67F9D3A8-F71E-4428-913F-C37AE82CDB24}"
EndProject
Project("{FAE04EC0-301F-11D3-BF4B-00C04F79EFBC}") = "MvvmTemplate.Platform.Droid", "MvvmTemplate\MvvmTemplate.Platform.Droid\MvvmTemplate.Platform.Droid.csproj", "{2E7CC145-AA1D-4517-92E0-0CCD70D640E5}"
EndProject
Project("{FAE04EC0-301F-11D3-BF4B-00C04F79EFBC}") = "MvvmTemplate.Platform.iOS", "MvvmTemplate\MvvmTemplate.Platform.iOS\MvvmTemplate.Platform.iOS.csproj", "{84352DCB-857A-4B49-8981-97B6194D7A09}"
EndProject
Global
	GlobalSection(SolutionConfigurationPlatforms) = preSolution
		Ad-Hoc|Any CPU = Ad-Hoc|Any CPU
		Ad-Hoc|ARM = Ad-Hoc|ARM
		Ad-Hoc|iPhone = Ad-Hoc|iPhone
		Ad-Hoc|iPhoneSimulator = Ad-Hoc|iPhoneSimulator
		Ad-Hoc|x64 = Ad-Hoc|x64
		Ad-Hoc|x86 = Ad-Hoc|x86
		AppStore|Any CPU = AppStore|Any CPU
		AppStore|ARM = AppStore|ARM
		AppStore|iPhone = AppStore|iPhone
		AppStore|iPhoneSimulator = AppStore|iPhoneSimulator
		AppStore|x64 = AppStore|x64
		AppStore|x86 = AppStore|x86
		Debug|Any CPU = Debug|Any CPU
		Debug|ARM = Debug|ARM
		Debug|iPhone = Debug|iPhone
		Debug|iPhoneSimulator = Debug|iPhoneSimulator
		Debug|x64 = Debug|x64
		Debug|x86 = Debug|x86
		Release|Any CPU = Release|Any CPU
		Release|ARM = Release|ARM
		Release|iPhone = Release|iPhone
		Release|iPhoneSimulator = Release|iPhoneSimulator
		Release|x64 = Release|x64
		Release|x86 = Release|x86
	EndGlobalSection
	GlobalSection(ProjectConfigurationPlatforms) = postSolution
		{15BA7DA7-F235-4A81-A411-AC66A2512540}.Ad-Hoc|Any CPU.ActiveCfg = Release|Any CPU
		{15BA7DA7-F235-4A81-A411-AC66A2512540}.Ad-Hoc|Any CPU.Build.0 = Release|Any CPU
		{15BA7DA7-F235-4A81-A411-AC66A2512540}.Ad-Hoc|ARM.ActiveCfg = Release|Any CPU
		{15BA7DA7-F235-4A81-A411-AC66A2512540}.Ad-Hoc|ARM.Build.0 = Release|Any CPU
		{15BA7DA7-F235-4A81-A411-AC66A2512540}.Ad-Hoc|iPhone.ActiveCfg = Release|Any CPU
		{15BA7DA7-F235-4A81-A411-AC66A2512540}.Ad-Hoc|iPhone.Build.0 = Release|Any CPU
		{15BA7DA7-F235-4A81-A411-AC66A2512540}.Ad-Hoc|iPhoneSimulator.ActiveCfg = Release|Any CPU
		{15BA7DA7-F235-4A81-A411-AC66A2512540}.Ad-Hoc|iPhoneSimulator.Build.0 = Release|Any CPU
		{15BA7DA7-F235-4A81-A411-AC66A2512540}.Ad-Hoc|x64.ActiveCfg = Release|Any CPU
		{15BA7DA7-F235-4A81-A411-AC66A2512540}.Ad-Hoc|x64.Build.0 = Release|Any CPU
		{15BA7DA7-F235-4A81-A411-AC66A2512540}.Ad-Hoc|x86.ActiveCfg = Release|Any CPU
		{15BA7DA7-F235-4A81-A411-AC66A2512540}.Ad-Hoc|x86.Build.0 = Release|Any CPU
		{15BA7DA7-F235-4A81-A411-AC66A2512540}.AppStore|Any CPU.ActiveCfg = Release|Any CPU
		{15BA7DA7-F235-4A81-A411-AC66A2512540}.AppStore|Any CPU.Build.0 = Release|Any CPU
		{15BA7DA7-F235-4A81-A411-AC66A2512540}.AppStore|ARM.ActiveCfg = Release|Any CPU
		{15BA7DA7-F235-4A81-A411-AC66A2512540}.AppStore|ARM.Build.0 = Release|Any CPU
		{15BA7DA7-F235-4A81-A411-AC66A2512540}.AppStore|iPhone.ActiveCfg = Release|Any CPU
		{15BA7DA7-F235-4A81-A411-AC66A2512540}.AppStore|iPhone.Build.0 = Release|Any CPU
		{15BA7DA7-F235-4A81-A411-AC66A2512540}.AppStore|iPhoneSimulator.ActiveCfg = Release|Any CPU
		{15BA7DA7-F235-4A81-A411-AC66A2512540}.AppStore|iPhoneSimulator.Build.0 = Release|Any CPU
		{15BA7DA7-F235-4A81-A411-AC66A2512540}.AppStore|x64.ActiveCfg = Release|Any CPU
		{15BA7DA7-F235-4A81-A411-AC66A2512540}.AppStore|x64.Build.0 = Release|Any CPU
		{15BA7DA7-F235-4A81-A411-AC66A2512540}.AppStore|x86.ActiveCfg = Release|Any CPU
		{15BA7DA7-F235-4A81-A411-AC66A2512540}.AppStore|x86.Build.0 = Release|Any CPU
		{15BA7DA7-F235-4A81-A411-AC66A2512540}.Debug|Any CPU.ActiveCfg = Debug|Any CPU
		{15BA7DA7-F235-4A81-A411-AC66A2512540}.Debug|Any CPU.Build.0 = Debug|Any CPU
		{15BA7DA7-F235-4A81-A411-AC66A2512540}.Debug|ARM.ActiveCfg = Debug|Any CPU
		{15BA7DA7-F235-4A81-A411-AC66A2512540}.Debug|ARM.Build.0 = Debug|Any CPU
		{15BA7DA7-F235-4A81-A411-AC66A2512540}.Debug|iPhone.ActiveCfg = Debug|Any CPU
		{15BA7DA7-F235-4A81-A411-AC66A2512540}.Debug|iPhone.Build.0 = Debug|Any CPU
		{15BA7DA7-F235-4A81-A411-AC66A2512540}.Debug|iPhoneSimulator.ActiveCfg = Debug|Any CPU
		{15BA7DA7-F235-4A81-A411-AC66A2512540}.Debug|iPhoneSimulator.Build.0 = Debug|Any CPU
		{15BA7DA7-F235-4A81-A411-AC66A2512540}.Debug|x64.ActiveCfg = Debug|Any CPU
		{15BA7DA7-F235-4A81-A411-AC66A2512540}.Debug|x64.Build.0 = Debug|Any CPU
		{15BA7DA7-F235-4A81-A411-AC66A2512540}.Debug|x86.ActiveCfg = Debug|Any CPU
		{15BA7DA7-F235-4A81-A411-AC66A2512540}.Debug|x86.Build.0 = Debug|Any CPU
		{15BA7DA7-F235-4A81-A411-AC66A2512540}.Release|Any CPU.ActiveCfg = Release|Any CPU
		{15BA7DA7-F235-4A81-A411-AC66A2512540}.Release|Any CPU.Build.0 = Release|Any CPU
		{15BA7DA7-F235-4A81-A411-AC66A2512540}.Release|ARM.ActiveCfg = Release|Any CPU
		{15BA7DA7-F235-4A81-A411-AC66A2512540}.Release|ARM.Build.0 = Release|Any CPU
		{15BA7DA7-F235-4A81-A411-AC66A2512540}.Release|iPhone.ActiveCfg = Release|Any CPU
		{15BA7DA7-F235-4A81-A411-AC66A2512540}.Release|iPhone.Build.0 = Release|Any CPU
		{15BA7DA7-F235-4A81-A411-AC66A2512540}.Release|iPhoneSimulator.ActiveCfg = Release|Any CPU
		{15BA7DA7-F235-4A81-A411-AC66A2512540}.Release|iPhoneSimulator.Build.0 = Release|Any CPU
		{15BA7DA7-F235-4A81-A411-AC66A2512540}.Release|x64.ActiveCfg = Release|Any CPU
		{15BA7DA7-F235-4A81-A411-AC66A2512540}.Release|x64.Build.0 = Release|Any CPU
		{15BA7DA7-F235-4A81-A411-AC66A2512540}.Release|x86.ActiveCfg = Release|Any CPU
		{15BA7DA7-F235-4A81-A411-AC66A2512540}.Release|x86.Build.0 = Release|Any CPU
		{67F9D3A8-F71E-4428-913F-C37AE82CDB24}.Ad-Hoc|Any CPU.ActiveCfg = Release|Any CPU
		{67F9D3A8-F71E-4428-913F-C37AE82CDB24}.Ad-Hoc|Any CPU.Build.0 = Release|Any CPU
		{67F9D3A8-F71E-4428-913F-C37AE82CDB24}.Ad-Hoc|ARM.ActiveCfg = Release|Any CPU
		{67F9D3A8-F71E-4428-913F-C37AE82CDB24}.Ad-Hoc|ARM.Build.0 = Release|Any CPU
		{67F9D3A8-F71E-4428-913F-C37AE82CDB24}.Ad-Hoc|iPhone.ActiveCfg = Release|Any CPU
		{67F9D3A8-F71E-4428-913F-C37AE82CDB24}.Ad-Hoc|iPhone.Build.0 = Release|Any CPU
		{67F9D3A8-F71E-4428-913F-C37AE82CDB24}.Ad-Hoc|iPhoneSimulator.ActiveCfg = Release|Any CPU
		{67F9D3A8-F71E-4428-913F-C37AE82CDB24}.Ad-Hoc|iPhoneSimulator.Build.0 = Release|Any CPU
		{67F9D3A8-F71E-4428-913F-C37AE82CDB24}.Ad-Hoc|x64.ActiveCfg = Release|Any CPU
		{67F9D3A8-F71E-4428-913F-C37AE82CDB24}.Ad-Hoc|x64.Build.0 = Release|Any CPU
		{67F9D3A8-F71E-4428-913F-C37AE82CDB24}.Ad-Hoc|x86.ActiveCfg = Release|Any CPU
		{67F9D3A8-F71E-4428-913F-C37AE82CDB24}.Ad-Hoc|x86.Build.0 = Release|Any CPU
		{67F9D3A8-F71E-4428-913F-C37AE82CDB24}.AppStore|Any CPU.ActiveCfg = Release|Any CPU
		{67F9D3A8-F71E-4428-913F-C37AE82CDB24}.AppStore|Any CPU.Build.0 = Release|Any CPU
		{67F9D3A8-F71E-4428-913F-C37AE82CDB24}.AppStore|ARM.ActiveCfg = Release|Any CPU
		{67F9D3A8-F71E-4428-913F-C37AE82CDB24}.AppStore|ARM.Build.0 = Release|Any CPU
		{67F9D3A8-F71E-4428-913F-C37AE82CDB24}.AppStore|iPhone.ActiveCfg = Release|Any CPU
		{67F9D3A8-F71E-4428-913F-C37AE82CDB24}.AppStore|iPhone.Build.0 = Release|Any CPU
		{67F9D3A8-F71E-4428-913F-C37AE82CDB24}.AppStore|iPhoneSimulator.ActiveCfg = Release|Any CPU
		{67F9D3A8-F71E-4428-913F-C37AE82CDB24}.AppStore|iPhoneSimulator.Build.0 = Release|Any CPU
		{67F9D3A8-F71E-4428-913F-C37AE82CDB24}.AppStore|x64.ActiveCfg = Release|Any CPU
		{67F9D3A8-F71E-4428-913F-C37AE82CDB24}.AppStore|x64.Build.0 = Release|Any CPU
		{67F9D3A8-F71E-4428-913F-C37AE82CDB24}.AppStore|x86.ActiveCfg = Release|Any CPU
		{67F9D3A8-F71E-4428-913F-C37AE82CDB24}.AppStore|x86.Build.0 = Release|Any CPU
		{67F9D3A8-F71E-4428-913F-C37AE82CDB24}.Debug|Any CPU.ActiveCfg = Debug|Any CPU
		{67F9D3A8-F71E-4428-913F-C37AE82CDB24}.Debug|Any CPU.Build.0 = Debug|Any CPU
		{67F9D3A8-F71E-4428-913F-C37AE82CDB24}.Debug|ARM.ActiveCfg = Debug|Any CPU
		{67F9D3A8-F71E-4428-913F-C37AE82CDB24}.Debug|ARM.Build.0 = Debug|Any CPU
		{67F9D3A8-F71E-4428-913F-C37AE82CDB24}.Debug|iPhone.ActiveCfg = Debug|Any CPU
		{67F9D3A8-F71E-4428-913F-C37AE82CDB24}.Debug|iPhone.Build.0 = Debug|Any CPU
		{67F9D3A8-F71E-4428-913F-C37AE82CDB24}.Debug|iPhoneSimulator.ActiveCfg = Debug|Any CPU
		{67F9D3A8-F71E-4428-913F-C37AE82CDB24}.Debug|iPhoneSimulator.Build.0 = Debug|Any CPU
		{67F9D3A8-F71E-4428-913F-C37AE82CDB24}.Debug|x64.ActiveCfg = Debug|Any CPU
		{67F9D3A8-F71E-4428-913F-C37AE82CDB24}.Debug|x64.Build.0 = Debug|Any CPU
		{67F9D3A8-F71E-4428-913F-C37AE82CDB24}.Debug|x86.ActiveCfg = Debug|Any CPU
		{67F9D3A8-F71E-4428-913F-C37AE82CDB24}.Debug|x86.Build.0 = Debug|Any CPU
		{67F9D3A8-F71E-4428-913F-C37AE82CDB24}.Release|Any CPU.ActiveCfg = Release|Any CPU
		{67F9D3A8-F71E-4428-913F-C37AE82CDB24}.Release|Any CPU.Build.0 = Release|Any CPU
		{67F9D3A8-F71E-4428-913F-C37AE82CDB24}.Release|ARM.ActiveCfg = Release|Any CPU
		{67F9D3A8-F71E-4428-913F-C37AE82CDB24}.Release|ARM.Build.0 = Release|Any CPU
		{67F9D3A8-F71E-4428-913F-C37AE82CDB24}.Release|iPhone.ActiveCfg = Release|Any CPU
		{67F9D3A8-F71E-4428-913F-C37AE82CDB24}.Release|iPhone.Build.0 = Release|Any CPU
		{67F9D3A8-F71E-4428-913F-C37AE82CDB24}.Release|iPhoneSimulator.ActiveCfg = Release|Any CPU
		{67F9D3A8-F71E-4428-913F-C37AE82CDB24}.Release|iPhoneSimulator.Build.0 = Release|Any CPU
		{67F9D3A8-F71E-4428-913F-C37AE82CDB24}.Release|x64.ActiveCfg = Release|Any CPU
		{67F9D3A8-F71E-4428-913F-C37AE82CDB24}.Release|x64.Build.0 = Release|Any CPU
		{67F9D3A8-F71E-4428-913F-C37AE82CDB24}.Release|x86.ActiveCfg = Release|Any CPU
		{67F9D3A8-F71E-4428-913F-C37AE82CDB24}.Release|x86.Build.0 = Release|Any CPU
		{2E7CC145-AA1D-4517-92E0-0CCD70D640E5}.Ad-Hoc|Any CPU.ActiveCfg = Release|Any CPU
		{2E7CC145-AA1D-4517-92E0-0CCD70D640E5}.Ad-Hoc|Any CPU.Build.0 = Release|Any CPU
		{2E7CC145-AA1D-4517-92E0-0CCD70D640E5}.Ad-Hoc|Any CPU.Deploy.0 = Release|Any CPU
		{2E7CC145-AA1D-4517-92E0-0CCD70D640E5}.Ad-Hoc|ARM.ActiveCfg = Release|Any CPU
		{2E7CC145-AA1D-4517-92E0-0CCD70D640E5}.Ad-Hoc|ARM.Build.0 = Release|Any CPU
		{2E7CC145-AA1D-4517-92E0-0CCD70D640E5}.Ad-Hoc|ARM.Deploy.0 = Release|Any CPU
		{2E7CC145-AA1D-4517-92E0-0CCD70D640E5}.Ad-Hoc|iPhone.ActiveCfg = Release|Any CPU
		{2E7CC145-AA1D-4517-92E0-0CCD70D640E5}.Ad-Hoc|iPhone.Build.0 = Release|Any CPU
		{2E7CC145-AA1D-4517-92E0-0CCD70D640E5}.Ad-Hoc|iPhone.Deploy.0 = Release|Any CPU
		{2E7CC145-AA1D-4517-92E0-0CCD70D640E5}.Ad-Hoc|iPhoneSimulator.ActiveCfg = Release|Any CPU
		{2E7CC145-AA1D-4517-92E0-0CCD70D640E5}.Ad-Hoc|iPhoneSimulator.Build.0 = Release|Any CPU
		{2E7CC145-AA1D-4517-92E0-0CCD70D640E5}.Ad-Hoc|iPhoneSimulator.Deploy.0 = Release|Any CPU
		{2E7CC145-AA1D-4517-92E0-0CCD70D640E5}.Ad-Hoc|x64.ActiveCfg = Release|Any CPU
		{2E7CC145-AA1D-4517-92E0-0CCD70D640E5}.Ad-Hoc|x64.Build.0 = Release|Any CPU
		{2E7CC145-AA1D-4517-92E0-0CCD70D640E5}.Ad-Hoc|x64.Deploy.0 = Release|Any CPU
		{2E7CC145-AA1D-4517-92E0-0CCD70D640E5}.Ad-Hoc|x86.ActiveCfg = Release|Any CPU
		{2E7CC145-AA1D-4517-92E0-0CCD70D640E5}.Ad-Hoc|x86.Build.0 = Release|Any CPU
		{2E7CC145-AA1D-4517-92E0-0CCD70D640E5}.Ad-Hoc|x86.Deploy.0 = Release|Any CPU
		{2E7CC145-AA1D-4517-92E0-0CCD70D640E5}.AppStore|Any CPU.ActiveCfg = Release|Any CPU
		{2E7CC145-AA1D-4517-92E0-0CCD70D640E5}.AppStore|Any CPU.Build.0 = Release|Any CPU
		{2E7CC145-AA1D-4517-92E0-0CCD70D640E5}.AppStore|Any CPU.Deploy.0 = Release|Any CPU
		{2E7CC145-AA1D-4517-92E0-0CCD70D640E5}.AppStore|ARM.ActiveCfg = Release|Any CPU
		{2E7CC145-AA1D-4517-92E0-0CCD70D640E5}.AppStore|ARM.Build.0 = Release|Any CPU
		{2E7CC145-AA1D-4517-92E0-0CCD70D640E5}.AppStore|ARM.Deploy.0 = Release|Any CPU
		{2E7CC145-AA1D-4517-92E0-0CCD70D640E5}.AppStore|iPhone.ActiveCfg = Release|Any CPU
		{2E7CC145-AA1D-4517-92E0-0CCD70D640E5}.AppStore|iPhone.Build.0 = Release|Any CPU
		{2E7CC145-AA1D-4517-92E0-0CCD70D640E5}.AppStore|iPhone.Deploy.0 = Release|Any CPU
		{2E7CC145-AA1D-4517-92E0-0CCD70D640E5}.AppStore|iPhoneSimulator.ActiveCfg = Release|Any CPU
		{2E7CC145-AA1D-4517-92E0-0CCD70D640E5}.AppStore|iPhoneSimulator.Build.0 = Release|Any CPU
		{2E7CC145-AA1D-4517-92E0-0CCD70D640E5}.AppStore|iPhoneSimulator.Deploy.0 = Release|Any CPU
		{2E7CC145-AA1D-4517-92E0-0CCD70D640E5}.AppStore|x64.ActiveCfg = Release|Any CPU
		{2E7CC145-AA1D-4517-92E0-0CCD70D640E5}.AppStore|x64.Build.0 = Release|Any CPU
		{2E7CC145-AA1D-4517-92E0-0CCD70D640E5}.AppStore|x64.Deploy.0 = Release|Any CPU
		{2E7CC145-AA1D-4517-92E0-0CCD70D640E5}.AppStore|x86.ActiveCfg = Release|Any CPU
		{2E7CC145-AA1D-4517-92E0-0CCD70D640E5}.AppStore|x86.Build.0 = Release|Any CPU
		{2E7CC145-AA1D-4517-92E0-0CCD70D640E5}.AppStore|x86.Deploy.0 = Release|Any CPU
		{2E7CC145-AA1D-4517-92E0-0CCD70D640E5}.Debug|Any CPU.ActiveCfg = Debug|Any CPU
		{2E7CC145-AA1D-4517-92E0-0CCD70D640E5}.Debug|Any CPU.Build.0 = Debug|Any CPU
		{2E7CC145-AA1D-4517-92E0-0CCD70D640E5}.Debug|Any CPU.Deploy.0 = Debug|Any CPU
		{2E7CC145-AA1D-4517-92E0-0CCD70D640E5}.Debug|ARM.ActiveCfg = Debug|Any CPU
		{2E7CC145-AA1D-4517-92E0-0CCD70D640E5}.Debug|ARM.Build.0 = Debug|Any CPU
		{2E7CC145-AA1D-4517-92E0-0CCD70D640E5}.Debug|ARM.Deploy.0 = Debug|Any CPU
		{2E7CC145-AA1D-4517-92E0-0CCD70D640E5}.Debug|iPhone.ActiveCfg = Debug|Any CPU
		{2E7CC145-AA1D-4517-92E0-0CCD70D640E5}.Debug|iPhone.Build.0 = Debug|Any CPU
		{2E7CC145-AA1D-4517-92E0-0CCD70D640E5}.Debug|iPhone.Deploy.0 = Debug|Any CPU
		{2E7CC145-AA1D-4517-92E0-0CCD70D640E5}.Debug|iPhoneSimulator.ActiveCfg = Debug|Any CPU
		{2E7CC145-AA1D-4517-92E0-0CCD70D640E5}.Debug|iPhoneSimulator.Build.0 = Debug|Any CPU
		{2E7CC145-AA1D-4517-92E0-0CCD70D640E5}.Debug|iPhoneSimulator.Deploy.0 = Debug|Any CPU
		{2E7CC145-AA1D-4517-92E0-0CCD70D640E5}.Debug|x64.ActiveCfg = Debug|Any CPU
		{2E7CC145-AA1D-4517-92E0-0CCD70D640E5}.Debug|x64.Build.0 = Debug|Any CPU
		{2E7CC145-AA1D-4517-92E0-0CCD70D640E5}.Debug|x64.Deploy.0 = Debug|Any CPU
		{2E7CC145-AA1D-4517-92E0-0CCD70D640E5}.Debug|x86.ActiveCfg = Debug|Any CPU
		{2E7CC145-AA1D-4517-92E0-0CCD70D640E5}.Debug|x86.Build.0 = Debug|Any CPU
		{2E7CC145-AA1D-4517-92E0-0CCD70D640E5}.Debug|x86.Deploy.0 = Debug|Any CPU
		{2E7CC145-AA1D-4517-92E0-0CCD70D640E5}.Release|Any CPU.ActiveCfg = Release|Any CPU
		{2E7CC145-AA1D-4517-92E0-0CCD70D640E5}.Release|Any CPU.Build.0 = Release|Any CPU
		{2E7CC145-AA1D-4517-92E0-0CCD70D640E5}.Release|Any CPU.Deploy.0 = Release|Any CPU
		{2E7CC145-AA1D-4517-92E0-0CCD70D640E5}.Release|ARM.ActiveCfg = Release|Any CPU
		{2E7CC145-AA1D-4517-92E0-0CCD70D640E5}.Release|ARM.Build.0 = Release|Any CPU
		{2E7CC145-AA1D-4517-92E0-0CCD70D640E5}.Release|ARM.Deploy.0 = Release|Any CPU
		{2E7CC145-AA1D-4517-92E0-0CCD70D640E5}.Release|iPhone.ActiveCfg = Release|Any CPU
		{2E7CC145-AA1D-4517-92E0-0CCD70D640E5}.Release|iPhone.Build.0 = Release|Any CPU
		{2E7CC145-AA1D-4517-92E0-0CCD70D640E5}.Release|iPhone.Deploy.0 = Release|Any CPU
		{2E7CC145-AA1D-4517-92E0-0CCD70D640E5}.Release|iPhoneSimulator.ActiveCfg = Release|Any CPU
		{2E7CC145-AA1D-4517-92E0-0CCD70D640E5}.Release|iPhoneSimulator.Build.0 = Release|Any CPU
		{2E7CC145-AA1D-4517-92E0-0CCD70D640E5}.Release|iPhoneSimulator.Deploy.0 = Release|Any CPU
		{2E7CC145-AA1D-4517-92E0-0CCD70D640E5}.Release|x64.ActiveCfg = Release|Any CPU
		{2E7CC145-AA1D-4517-92E0-0CCD70D640E5}.Release|x64.Build.0 = Release|Any CPU
		{2E7CC145-AA1D-4517-92E0-0CCD70D640E5}.Release|x64.Deploy.0 = Release|Any CPU
		{2E7CC145-AA1D-4517-92E0-0CCD70D640E5}.Release|x86.ActiveCfg = Release|Any CPU
		{2E7CC145-AA1D-4517-92E0-0CCD70D640E5}.Release|x86.Build.0 = Release|Any CPU
		{2E7CC145-AA1D-4517-92E0-0CCD70D640E5}.Release|x86.Deploy.0 = Release|Any CPU
		{84352DCB-857A-4B49-8981-97B6194D7A09}.Ad-Hoc|Any CPU.ActiveCfg = Ad-Hoc|iPhone
		{84352DCB-857A-4B49-8981-97B6194D7A09}.Ad-Hoc|ARM.ActiveCfg = Ad-Hoc|iPhone
		{84352DCB-857A-4B49-8981-97B6194D7A09}.Ad-Hoc|iPhone.ActiveCfg = Ad-Hoc|iPhone
		{84352DCB-857A-4B49-8981-97B6194D7A09}.Ad-Hoc|iPhone.Build.0 = Ad-Hoc|iPhone
		{84352DCB-857A-4B49-8981-97B6194D7A09}.Ad-Hoc|iPhoneSimulator.ActiveCfg = Ad-Hoc|iPhoneSimulator
		{84352DCB-857A-4B49-8981-97B6194D7A09}.Ad-Hoc|iPhoneSimulator.Build.0 = Ad-Hoc|iPhoneSimulator
		{84352DCB-857A-4B49-8981-97B6194D7A09}.Ad-Hoc|x64.ActiveCfg = Ad-Hoc|iPhone
		{84352DCB-857A-4B49-8981-97B6194D7A09}.Ad-Hoc|x86.ActiveCfg = Ad-Hoc|iPhone
		{84352DCB-857A-4B49-8981-97B6194D7A09}.AppStore|Any CPU.ActiveCfg = AppStore|iPhone
		{84352DCB-857A-4B49-8981-97B6194D7A09}.AppStore|ARM.ActiveCfg = AppStore|iPhone
		{84352DCB-857A-4B49-8981-97B6194D7A09}.AppStore|iPhone.ActiveCfg = AppStore|iPhone
		{84352DCB-857A-4B49-8981-97B6194D7A09}.AppStore|iPhone.Build.0 = AppStore|iPhone
		{84352DCB-857A-4B49-8981-97B6194D7A09}.AppStore|iPhoneSimulator.ActiveCfg = AppStore|iPhoneSimulator
		{84352DCB-857A-4B49-8981-97B6194D7A09}.AppStore|iPhoneSimulator.Build.0 = AppStore|iPhoneSimulator
		{84352DCB-857A-4B49-8981-97B6194D7A09}.AppStore|x64.ActiveCfg = AppStore|iPhone
		{84352DCB-857A-4B49-8981-97B6194D7A09}.AppStore|x86.ActiveCfg = AppStore|iPhone
		{84352DCB-857A-4B49-8981-97B6194D7A09}.Debug|Any CPU.ActiveCfg = Debug|iPhone
		{84352DCB-857A-4B49-8981-97B6194D7A09}.Debug|ARM.ActiveCfg = Debug|iPhone
		{84352DCB-857A-4B49-8981-97B6194D7A09}.Debug|iPhone.ActiveCfg = Debug|iPhone
		{84352DCB-857A-4B49-8981-97B6194D7A09}.Debug|iPhone.Build.0 = Debug|iPhone
		{84352DCB-857A-4B49-8981-97B6194D7A09}.Debug|iPhoneSimulator.ActiveCfg = Debug|iPhoneSimulator
		{84352DCB-857A-4B49-8981-97B6194D7A09}.Debug|iPhoneSimulator.Build.0 = Debug|iPhoneSimulator
		{84352DCB-857A-4B49-8981-97B6194D7A09}.Debug|x64.ActiveCfg = Debug|iPhone
		{84352DCB-857A-4B49-8981-97B6194D7A09}.Debug|x86.ActiveCfg = Debug|iPhone
		{84352DCB-857A-4B49-8981-97B6194D7A09}.Release|Any CPU.ActiveCfg = Release|iPhone
		{84352DCB-857A-4B49-8981-97B6194D7A09}.Release|ARM.ActiveCfg = Release|iPhone
		{84352DCB-857A-4B49-8981-97B6194D7A09}.Release|iPhone.ActiveCfg = Release|iPhone
		{84352DCB-857A-4B49-8981-97B6194D7A09}.Release|iPhone.Build.0 = Release|iPhone
		{84352DCB-857A-4B49-8981-97B6194D7A09}.Release|iPhoneSimulator.ActiveCfg = Release|iPhoneSimulator
		{84352DCB-857A-4B49-8981-97B6194D7A09}.Release|iPhoneSimulator.Build.0 = Release|iPhoneSimulator
		{84352DCB-857A-4B49-8981-97B6194D7A09}.Release|x64.ActiveCfg = Release|iPhone
		{84352DCB-857A-4B49-8981-97B6194D7A09}.Release|x86.ActiveCfg = Release|iPhone
	EndGlobalSection
	GlobalSection(SolutionProperties) = preSolution
		HideSolutionNode = FALSE
	EndGlobalSection
EndGlobal
